{
  "name": "bin-parser",
  "version": "0.0.13",
  "lockfileVersion": 1,
  "requires": true,
  "dependencies": {
    "argparse": {
      "version": "1.0.9",
      "resolved": "http://npm.mypower.ie:3000/argparse/-/argparse-1.0.9/73d83bc263f86e97f8cc4f6bae1b0e90a7d22c86.tgz",
      "integrity": "sha1-c9g7wmP4bpf4zE9rrhsOkKfSLIY=",
      "requires": {
        "sprintf-js": "1.0.3"
      }
    },
    "buffer-extend-split": {
      "version": "0.0.0",
      "resolved": "http://npm.mypower.ie:3000/buffer-extend-split/-/buffer-extend-split-0.0.0/286d5ba9ffbeb42d0c52d748c27540e750880051.tgz",
      "integrity": "sha1-KG1bqf++tC0MUtdIwnVA51CIAFE="
    },
    "esprima": {
      "version": "4.0.0",
      "resolved": "http://npm.mypower.ie:3000/esprima/-/esprima-4.0.0/4499eddcd1110e0b218bacf2fa7f7f59f55ca804.tgz",
      "integrity": "sha512-oftTcaMu/EGrEIu904mWteKIv8vMuOgGYo7EhVJJN00R/EED9DCua/xxHRdYnKtcECzVg7xOWhflvJMnqcFZjw=="
    },
    "iconv-lite": {
      "version": "0.4.19",
      "resolved": "http://npm.mypower.ie:3000/iconv-lite/-/iconv-lite-0.4.19/f7468f60135f5e5dad3399c0a81be9a1603a082b.tgz",
      "integrity": "sha512-oTZqweIP51xaGPI4uPa56/Pri/480R+mo7SeU+YETByQNhDG55ycFyNLIgta9vXhILrxXDmF7ZGhqZIcuN0gJQ=="
    },
    "js-yaml": {
      "version": "3.10.0",
      "resolved": "http://npm.mypower.ie:3000/js-yaml/-/js-yaml-3.10.0/2e78441646bd4682e963f22b6e92823c309c62dc.tgz",
      "integrity": "sha512-O2v52ffjLa9VeM43J4XocZE//WT9N0IiwDa3KSHH7Tu8CtH+1qM8SIZvnsTh6v+4yFy5KUY3BHUVwjpfAWsjIA==",
      "requires": {
        "argparse": "1.0.9",
        "esprima": "4.0.0"
      }
    },
    "sprintf-js": {
      "version": "1.0.3",
      "resolved": "http://npm.mypower.ie:3000/sprintf-js/-/sprintf-js-1.0.3/04e6926f662895354f3dd015203633b857297e2c.tgz",
      "integrity": "sha1-BOaSb2YolTVPPdAVIDYzuFcpfiw="
    }
  }
}
